
Microsoft Visual Studio Solution File, Format Version 12.00
Project("{FAE04EC0-301F-11D3-BF4B-00C04F79EFBC}") = "PhoneBookAPI", "PhoneBookAPI\PhoneBookAPI.csproj", "{E37C1DF0-33C3-41AF-B913-52D344E7FEEB}"
EndProject
Project("{2150E333-8FDC-42A3-9474-1A3956D46DE8}") = "Core", "Core", "{5E2EEE5C-3427-4163-B6BA-634D68C66832}"
EndProject
Project("{2150E333-8FDC-42A3-9474-1A3956D46DE8}") = "Infrastructure", "Infrastructure", "{9FB4D38D-2110-4B86-B8BA-2AEEA45C6483}"
EndProject
Project("{FAE04EC0-301F-11D3-BF4B-00C04F79EFBC}") = "Persistence", "Persistence\Persistence.csproj", "{EEC36494-99DF-4901-BB72-778ACDE5400D}"
EndProject
Project("{FAE04EC0-301F-11D3-BF4B-00C04F79EFBC}") = "Contracts", "Contracts\Contracts.csproj", "{5421995A-F359-4028-8CD1-DBC3EA514DBE}"
EndProject
Project("{FAE04EC0-301F-11D3-BF4B-00C04F79EFBC}") = "Domain", "Domain\Domain.csproj", "{5E670229-4968-4933-872F-0BC2ED82BB89}"
EndProject
Project("{FAE04EC0-301F-11D3-BF4B-00C04F79EFBC}") = "Services", "Services\Services.csproj", "{5A679507-F002-4E77-A896-EAE6AB0D5C18}"
EndProject
Project("{FAE04EC0-301F-11D3-BF4B-00C04F79EFBC}") = "Services.Abstracts", "Services.Abstracts\Services.Abstracts.csproj", "{AE480BA2-2933-473B-A108-FF534EF9D9D6}"
EndProject
Global
	GlobalSection(SolutionConfigurationPlatforms) = preSolution
		Debug|Any CPU = Debug|Any CPU
		Release|Any CPU = Release|Any CPU
	EndGlobalSection
	GlobalSection(ProjectConfigurationPlatforms) = postSolution
		{E37C1DF0-33C3-41AF-B913-52D344E7FEEB}.Debug|Any CPU.ActiveCfg = Debug|Any CPU
		{E37C1DF0-33C3-41AF-B913-52D344E7FEEB}.Debug|Any CPU.Build.0 = Debug|Any CPU
		{E37C1DF0-33C3-41AF-B913-52D344E7FEEB}.Release|Any CPU.ActiveCfg = Release|Any CPU
		{E37C1DF0-33C3-41AF-B913-52D344E7FEEB}.Release|Any CPU.Build.0 = Release|Any CPU
		{EEC36494-99DF-4901-BB72-778ACDE5400D}.Debug|Any CPU.ActiveCfg = Debug|Any CPU
		{EEC36494-99DF-4901-BB72-778ACDE5400D}.Debug|Any CPU.Build.0 = Debug|Any CPU
		{EEC36494-99DF-4901-BB72-778ACDE5400D}.Release|Any CPU.ActiveCfg = Release|Any CPU
		{EEC36494-99DF-4901-BB72-778ACDE5400D}.Release|Any CPU.Build.0 = Release|Any CPU
		{5421995A-F359-4028-8CD1-DBC3EA514DBE}.Debug|Any CPU.ActiveCfg = Debug|Any CPU
		{5421995A-F359-4028-8CD1-DBC3EA514DBE}.Debug|Any CPU.Build.0 = Debug|Any CPU
		{5421995A-F359-4028-8CD1-DBC3EA514DBE}.Release|Any CPU.ActiveCfg = Release|Any CPU
		{5421995A-F359-4028-8CD1-DBC3EA514DBE}.Release|Any CPU.Build.0 = Release|Any CPU
		{5E670229-4968-4933-872F-0BC2ED82BB89}.Debug|Any CPU.ActiveCfg = Debug|Any CPU
		{5E670229-4968-4933-872F-0BC2ED82BB89}.Debug|Any CPU.Build.0 = Debug|Any CPU
		{5E670229-4968-4933-872F-0BC2ED82BB89}.Release|Any CPU.ActiveCfg = Release|Any CPU
		{5E670229-4968-4933-872F-0BC2ED82BB89}.Release|Any CPU.Build.0 = Release|Any CPU
		{5A679507-F002-4E77-A896-EAE6AB0D5C18}.Debug|Any CPU.ActiveCfg = Debug|Any CPU
		{5A679507-F002-4E77-A896-EAE6AB0D5C18}.Debug|Any CPU.Build.0 = Debug|Any CPU
		{5A679507-F002-4E77-A896-EAE6AB0D5C18}.Release|Any CPU.ActiveCfg = Release|Any CPU
		{5A679507-F002-4E77-A896-EAE6AB0D5C18}.Release|Any CPU.Build.0 = Release|Any CPU
		{AE480BA2-2933-473B-A108-FF534EF9D9D6}.Debug|Any CPU.ActiveCfg = Debug|Any CPU
		{AE480BA2-2933-473B-A108-FF534EF9D9D6}.Debug|Any CPU.Build.0 = Debug|Any CPU
		{AE480BA2-2933-473B-A108-FF534EF9D9D6}.Release|Any CPU.ActiveCfg = Release|Any CPU
		{AE480BA2-2933-473B-A108-FF534EF9D9D6}.Release|Any CPU.Build.0 = Release|Any CPU
	EndGlobalSection
	GlobalSection(NestedProjects) = preSolution
		{E37C1DF0-33C3-41AF-B913-52D344E7FEEB} = {9FB4D38D-2110-4B86-B8BA-2AEEA45C6483}
		{EEC36494-99DF-4901-BB72-778ACDE5400D} = {9FB4D38D-2110-4B86-B8BA-2AEEA45C6483}
		{5421995A-F359-4028-8CD1-DBC3EA514DBE} = {5E2EEE5C-3427-4163-B6BA-634D68C66832}
		{5E670229-4968-4933-872F-0BC2ED82BB89} = {5E2EEE5C-3427-4163-B6BA-634D68C66832}
		{5A679507-F002-4E77-A896-EAE6AB0D5C18} = {5E2EEE5C-3427-4163-B6BA-634D68C66832}
		{AE480BA2-2933-473B-A108-FF534EF9D9D6} = {5E2EEE5C-3427-4163-B6BA-634D68C66832}
	EndGlobalSection
EndGlobal
